{
  "lockfileVersion": 1,
  "workspaces": {
    "": {
      "dependencies": {
        "@bufbuild/protobuf": "^2.11.0",
      },
      "devDependencies": {
        "@bufbuild/buf": "^1.65.0",
        "@bufbuild/protoc-gen-es": "^2.11.0",
      },
    },
  },
  "packages": {
    "@bufbuild/buf": ["@bufbuild/buf@1.65.0", "", { "optionalDependencies": { "@bufbuild/buf-darwin-arm64": "1.65.0", "@bufbuild/buf-darwin-x64": "1.65.0", "@bufbuild/buf-linux-aarch64": "1.65.0", "@bufbuild/buf-linux-armv7": "1.65.0", "@bufbuild/buf-linux-x64": "1.65.0", "@bufbuild/buf-win32-arm64": "1.65.0", "@bufbuild/buf-win32-x64": "1.65.0" }, "bin": { "buf": "bin/buf", "protoc-gen-buf-breaking": "bin/protoc-gen-buf-breaking", "protoc-gen-buf-lint": "bin/protoc-gen-buf-lint" } }, "sha512-IQmIBB2CGbJAwx1NkuAWMuj4QGPnZ8mujbf4ckx9t6KI9EzfUzql1OyKi9qPrxlLAciI+kBIyPDQ2MIvXTxWUg=="],

    "@bufbuild/buf-darwin-arm64": ["@bufbuild/buf-darwin-arm64@1.65.0", "", { "os": "darwin", "cpu": "arm64" }, "sha512-2U8CHjW1ysINYKwIPcc4WAiQPxe91RIjNtjpg+RC9rP0aZ7TpGm5MTMY5l3sN4drtmKdb9rBs3bMQsMNhSc90A=="],

    "@bufbuild/buf-darwin-x64": ["@bufbuild/buf-darwin-x64@1.65.0", "", { "os": "darwin", "cpu": "x64" }, "sha512-aMqfc6pQC4L9dZpSD61XCEpPWKEtb1rXDPkK0/tzrfTWodnbaJ/elNoxsCGzbZVSMFeAdomUpXmSMrk8ALfWWw=="],

    "@bufbuild/buf-linux-aarch64": ["@bufbuild/buf-linux-aarch64@1.65.0", "", { "os": "linux", "cpu": "arm64" }, "sha512-gzqvY4PLRQ7g0+RlE9g+OL/6yPd5szG7e3Wd5bgjJzfKaQerNiQWaGyPLdcRsIM/WxJhT5e5lG8OrrWHwgQ9Ig=="],

    "@bufbuild/buf-linux-armv7": ["@bufbuild/buf-linux-armv7@1.65.0", "", { "os": "linux", "cpu": "arm" }, "sha512-RpYFuPr9MKniD+WNfDgCclyvMu+/w9kK41OWr9sNnbS2BorujskwPiY0iTf5j+8+n/MeAnLIGlyC36+vUB/wIw=="],

    "@bufbuild/buf-linux-x64": ["@bufbuild/buf-linux-x64@1.65.0", "", { "os": "linux", "cpu": "x64" }, "sha512-0j06h1uKCXlOtrlNcTBkURazT+AwMNvuVxgJsYeUDnSliN05QS7LnBzPOwKg76ariSqlLo+QXk9eNtdhgVjYOg=="],

    "@bufbuild/buf-win32-arm64": ["@bufbuild/buf-win32-arm64@1.65.0", "", { "os": "win32", "cpu": "arm64" }, "sha512-KBFsQ3iEityUuLTUCoXAO6ZTGUXWljSjK4upqofsYCb4OJeSeVguD7b09efkQt9ymKsXBt5wQicsRdkMJy/VEA=="],

    "@bufbuild/buf-win32-x64": ["@bufbuild/buf-win32-x64@1.65.0", "", { "os": "win32", "cpu": "x64" }, "sha512-vJYzHjncSLdy4sPDW8kLqUldHh6Vucg6KabAflm7CDj29lU/HydV8T+nOVsXkoRMUf4+H/qy8WjnSMEtRkaogA=="],

    "@bufbuild/protobuf": ["@bufbuild/protobuf@2.11.0", "", {}, "sha512-sBXGT13cpmPR5BMgHE6UEEfEaShh5Ror6rfN3yEK5si7QVrtZg8LEPQb0VVhiLRUslD2yLnXtnRzG035J/mZXQ=="],

    "@bufbuild/protoc-gen-es": ["@bufbuild/protoc-gen-es@2.11.0", "", { "dependencies": { "@bufbuild/protobuf": "2.11.0", "@bufbuild/protoplugin": "2.11.0" }, "bin": { "protoc-gen-es": "bin/protoc-gen-es" } }, "sha512-VzQuwEQDXipbZ1soWUuAWm1Z0C3B/IDWGeysnbX6ogJ6As91C2mdvAND/ekQ4YIWgen4d5nqLfIBOWLqCCjYUA=="],

    "@bufbuild/protoplugin": ["@bufbuild/protoplugin@2.11.0", "", { "dependencies": { "@bufbuild/protobuf": "2.11.0", "@typescript/vfs": "^1.6.2", "typescript": "5.4.5" } }, "sha512-lyZVNFUHArIOt4W0+dwYBe5GBwbKzbOy8ObaloEqsw9Mmiwv2O48TwddDoHN4itylC+BaEGqFdI1W8WQt2vWJQ=="],

    "@typescript/vfs": ["@typescript/vfs@1.6.3", "", { "dependencies": { "debug": "^4.1.1" }, "peerDependencies": { "typescript": "*" } }, "sha512-8Qs6/Tj2B8Uyo4lYJkopdCtrsfpF/ZlbTXK13Nq6JKN+Ih8FF9Oxg97gEp+zIS96wmkMdWUIETl35Yt9BITeiw=="],

    "debug": ["debug@4.4.3", "", { "dependencies": { "ms": "^2.1.3" } }, "sha512-RGwwWnwQvkVfavKVt22FGLw+xYSdzARwm0ru6DhTVA3umU5hZc28V3kO4stgYryrTlLpuvgI9GiijltAjNbcqA=="],

    "ms": ["ms@2.1.3", "", {}, "sha512-6FlzubTLZG3J2a/NVCAleEhjzq5oxgHyaCU9yYXvcLsvoVaHJq/s5xXI6/XXP6tz7R9xAOtHnSO/tXtF3WRTlA=="],

    "typescript": ["typescript@5.4.5", "", { "bin": { "tsc": "bin/tsc", "tsserver": "bin/tsserver" } }, "sha512-vcI4UpRgg81oIRUFwR0WSIHKt11nJ7SAVlYNIu+QpqeyXP+gpQJy/Z4+F0aGxSE4MqwjyXvW/TzgkLAx2AGHwQ=="],
  }
}
